// !$*UTF8*$!
{
	archiveVersion = 1;
	classes = {
	};
	objectVersion = 56;
	objects = {

/* Begin PBXBuildFile section */
		10CBF1B9C870EFF0161B0C02 /* Pods_ImageSearchAppTests.framework in Frameworks */ = {isa = PBXBuildFile; fileRef = 6580674F4586ED65805C6679 /* Pods_ImageSearchAppTests.framework */; };
		38DC47D0B51D4E85A74D508C /* Pods_ImageSearchApp.framework in Frameworks */ = {isa = PBXBuildFile; fileRef = D0EB4C261DEDB954E04BC039 /* Pods_ImageSearchApp.framework */; };
		844E43282B8B1CD300F8025D /* AppConstants.swift in Sources */ = {isa = PBXBuildFile; fileRef = 844E43272B8B1CD300F8025D /* AppConstants.swift */; };
		844E432B2B8B1CDC00F8025D /* AppImages.swift in Sources */ = {isa = PBXBuildFile; fileRef = 844E432A2B8B1CDC00F8025D /* AppImages.swift */; };
		844E432E2B8B22EE00F8025D /* DetailPageViewModel.swift in Sources */ = {isa = PBXBuildFile; fileRef = 844E432D2B8B22EE00F8025D /* DetailPageViewModel.swift */; };
		844E43312B8B33E300F8025D /* LoadingIndicator.swift in Sources */ = {isa = PBXBuildFile; fileRef = 844E43302B8B33E300F8025D /* LoadingIndicator.swift */; };
		84A50F482B8A85B4002C9D2A /* AppDelegate.swift in Sources */ = {isa = PBXBuildFile; fileRef = 84A50F472B8A85B4002C9D2A /* AppDelegate.swift */; };
		84A50F4A2B8A85B4002C9D2A /* SceneDelegate.swift in Sources */ = {isa = PBXBuildFile; fileRef = 84A50F492B8A85B4002C9D2A /* SceneDelegate.swift */; };
		84A50F5F2B8A85B5002C9D2A /* SearchScreenTest.swift in Sources */ = {isa = PBXBuildFile; fileRef = 84A50F5E2B8A85B5002C9D2A /* SearchScreenTest.swift */; };
		84A50F692B8A85B5002C9D2A /* ImageSearchAppUITests.swift in Sources */ = {isa = PBXBuildFile; fileRef = 84A50F682B8A85B5002C9D2A /* ImageSearchAppUITests.swift */; };
		84A50F6B2B8A85B5002C9D2A /* ImageSearchAppUITestsLaunchTests.swift in Sources */ = {isa = PBXBuildFile; fileRef = 84A50F6A2B8A85B5002C9D2A /* ImageSearchAppUITestsLaunchTests.swift */; };
		84A50F812B8A86EF002C9D2A /* SearchVC.swift in Sources */ = {isa = PBXBuildFile; fileRef = 84A50F7A2B8A86EF002C9D2A /* SearchVC.swift */; };
		84A50F822B8A86EF002C9D2A /* PhotoCollectionCell.swift in Sources */ = {isa = PBXBuildFile; fileRef = 84A50F7C2B8A86EF002C9D2A /* PhotoCollectionCell.swift */; };
		84A50F832B8A86EF002C9D2A /* PhotoCollectionCell.xib in Resources */ = {isa = PBXBuildFile; fileRef = 84A50F7D2B8A86EF002C9D2A /* PhotoCollectionCell.xib */; };
		84A50F842B8A86EF002C9D2A /* SearchViewModel.swift in Sources */ = {isa = PBXBuildFile; fileRef = 84A50F7E2B8A86EF002C9D2A /* SearchViewModel.swift */; };
		84A50F852B8A86EF002C9D2A /* DetailViewController.swift in Sources */ = {isa = PBXBuildFile; fileRef = 84A50F802B8A86EF002C9D2A /* DetailViewController.swift */; };
		84A50F8B2B8A8759002C9D2A /* LaunchScreen.storyboard in Resources */ = {isa = PBXBuildFile; fileRef = 84A50F872B8A8758002C9D2A /* LaunchScreen.storyboard */; };
		84A50F8C2B8A8759002C9D2A /* Main.storyboard in Resources */ = {isa = PBXBuildFile; fileRef = 84A50F892B8A8758002C9D2A /* Main.storyboard */; };
		84A50F8F2B8A87BA002C9D2A /* NetworkingService.swift in Sources */ = {isa = PBXBuildFile; fileRef = 84A50F8E2B8A87BA002C9D2A /* NetworkingService.swift */; };
		84A50F922B8A87C2002C9D2A /* DataRepo.swift in Sources */ = {isa = PBXBuildFile; fileRef = 84A50F912B8A87C2002C9D2A /* DataRepo.swift */; };
		84A50F992B8A87D4002C9D2A /* SearchBarView.swift in Sources */ = {isa = PBXBuildFile; fileRef = 84A50F952B8A87D4002C9D2A /* SearchBarView.swift */; };
		84A50F9A2B8A87D4002C9D2A /* SearchBarView.xib in Resources */ = {isa = PBXBuildFile; fileRef = 84A50F962B8A87D4002C9D2A /* SearchBarView.xib */; };
		84A50F9B2B8A87D4002C9D2A /* FooterLoaderView.swift in Sources */ = {isa = PBXBuildFile; fileRef = 84A50F982B8A87D4002C9D2A /* FooterLoaderView.swift */; };
		84A50FA02B8A8A0E002C9D2A /* Assets.xcassets in Resources */ = {isa = PBXBuildFile; fileRef = 84A50F9F2B8A8A0E002C9D2A /* Assets.xcassets */; };
		AE8F7F5C954375A8B1DCF55A /* Pods_ImageSearchApp_ImageSearchAppUITests.framework in Frameworks */ = {isa = PBXBuildFile; fileRef = F689F9E16FD5163B65B1E4BB /* Pods_ImageSearchApp_ImageSearchAppUITests.framework */; };
/* End PBXBuildFile section */

/* Begin PBXContainerItemProxy section */
		84A50F5B2B8A85B5002C9D2A /* PBXContainerItemProxy */ = {
			isa = PBXContainerItemProxy;
			containerPortal = 84A50F3C2B8A85B3002C9D2A /* Project object */;
			proxyType = 1;
			remoteGlobalIDString = 84A50F432B8A85B4002C9D2A;
			remoteInfo = ImageSearchApp;
		};
		84A50F652B8A85B5002C9D2A /* PBXContainerItemProxy */ = {
			isa = PBXContainerItemProxy;
			containerPortal = 84A50F3C2B8A85B3002C9D2A /* Project object */;
			proxyType = 1;
			remoteGlobalIDString = 84A50F432B8A85B4002C9D2A;
			remoteInfo = ImageSearchApp;
		};
/* End PBXContainerItemProxy section */

/* Begin PBXFileReference section */
		22205390A7961A3EAE5B6435 /* Pods-ImageSearchAppTests.release.xcconfig */ = {isa = PBXFileReference; includeInIndex = 1; lastKnownFileType = text.xcconfig; name = "Pods-ImageSearchAppTests.release.xcconfig"; path = "Target Support Files/Pods-ImageSearchAppTests/Pods-ImageSearchAppTests.release.xcconfig"; sourceTree = "<group>"; };
		6580674F4586ED65805C6679 /* Pods_ImageSearchAppTests.framework */ = {isa = PBXFileReference; explicitFileType = wrapper.framework; includeInIndex = 0; path = Pods_ImageSearchAppTests.framework; sourceTree = BUILT_PRODUCTS_DIR; };
		6A67EA0E8A970D039E12B06C /* Pods-ImageSearchApp.release.xcconfig */ = {isa = PBXFileReference; includeInIndex = 1; lastKnownFileType = text.xcconfig; name = "Pods-ImageSearchApp.release.xcconfig"; path = "Target Support Files/Pods-ImageSearchApp/Pods-ImageSearchApp.release.xcconfig"; sourceTree = "<group>"; };
		844E43272B8B1CD300F8025D /* AppConstants.swift */ = {isa = PBXFileReference; fileEncoding = 4; lastKnownFileType = sourcecode.swift; path = AppConstants.swift; sourceTree = "<group>"; };
		844E432A2B8B1CDC00F8025D /* AppImages.swift */ = {isa = PBXFileReference; fileEncoding = 4; lastKnownFileType = sourcecode.swift; path = AppImages.swift; sourceTree = "<group>"; };
		844E432D2B8B22EE00F8025D /* DetailPageViewModel.swift */ = {isa = PBXFileReference; lastKnownFileType = sourcecode.swift; path = DetailPageViewModel.swift; sourceTree = "<group>"; };
		844E43302B8B33E300F8025D /* LoadingIndicator.swift */ = {isa = PBXFileReference; lastKnownFileType = sourcecode.swift; path = LoadingIndicator.swift; sourceTree = "<group>"; };
		84A50F442B8A85B4002C9D2A /* ImageSearchApp.app */ = {isa = PBXFileReference; explicitFileType = wrapper.application; includeInIndex = 0; path = ImageSearchApp.app; sourceTree = BUILT_PRODUCTS_DIR; };
		84A50F472B8A85B4002C9D2A /* AppDelegate.swift */ = {isa = PBXFileReference; lastKnownFileType = sourcecode.swift; path = AppDelegate.swift; sourceTree = "<group>"; };
		84A50F492B8A85B4002C9D2A /* SceneDelegate.swift */ = {isa = PBXFileReference; lastKnownFileType = sourcecode.swift; path = SceneDelegate.swift; sourceTree = "<group>"; };
		84A50F552B8A85B5002C9D2A /* Info.plist */ = {isa = PBXFileReference; lastKnownFileType = text.plist.xml; path = Info.plist; sourceTree = "<group>"; };
		84A50F5A2B8A85B5002C9D2A /* ImageSearchAppTests.xctest */ = {isa = PBXFileReference; explicitFileType = wrapper.cfbundle; includeInIndex = 0; path = ImageSearchAppTests.xctest; sourceTree = BUILT_PRODUCTS_DIR; };
		84A50F5E2B8A85B5002C9D2A /* SearchScreenTest.swift */ = {isa = PBXFileReference; lastKnownFileType = sourcecode.swift; path = SearchScreenTest.swift; sourceTree = "<group>"; };
		84A50F642B8A85B5002C9D2A /* ImageSearchAppUITests.xctest */ = {isa = PBXFileReference; explicitFileType = wrapper.cfbundle; includeInIndex = 0; path = ImageSearchAppUITests.xctest; sourceTree = BUILT_PRODUCTS_DIR; };
		84A50F682B8A85B5002C9D2A /* ImageSearchAppUITests.swift */ = {isa = PBXFileReference; lastKnownFileType = sourcecode.swift; path = ImageSearchAppUITests.swift; sourceTree = "<group>"; };
		84A50F6A2B8A85B5002C9D2A /* ImageSearchAppUITestsLaunchTests.swift */ = {isa = PBXFileReference; lastKnownFileType = sourcecode.swift; path = ImageSearchAppUITestsLaunchTests.swift; sourceTree = "<group>"; };
		84A50F7A2B8A86EF002C9D2A /* SearchVC.swift */ = {isa = PBXFileReference; fileEncoding = 4; lastKnownFileType = sourcecode.swift; path = SearchVC.swift; sourceTree = "<group>"; };
		84A50F7C2B8A86EF002C9D2A /* PhotoCollectionCell.swift */ = {isa = PBXFileReference; fileEncoding = 4; lastKnownFileType = sourcecode.swift; path = PhotoCollectionCell.swift; sourceTree = "<group>"; };
		84A50F7D2B8A86EF002C9D2A /* PhotoCollectionCell.xib */ = {isa = PBXFileReference; fileEncoding = 4; lastKnownFileType = file.xib; path = PhotoCollectionCell.xib; sourceTree = "<group>"; };
		84A50F7E2B8A86EF002C9D2A /* SearchViewModel.swift */ = {isa = PBXFileReference; fileEncoding = 4; lastKnownFileType = sourcecode.swift; path = SearchViewModel.swift; sourceTree = "<group>"; };
		84A50F802B8A86EF002C9D2A /* DetailViewController.swift */ = {isa = PBXFileReference; fileEncoding = 4; lastKnownFileType = sourcecode.swift; path = DetailViewController.swift; sourceTree = "<group>"; };
		84A50F882B8A8758002C9D2A /* Base */ = {isa = PBXFileReference; lastKnownFileType = file.storyboard; name = Base; path = Base.lproj/LaunchScreen.storyboard; sourceTree = "<group>"; };
		84A50F8A2B8A8758002C9D2A /* Base */ = {isa = PBXFileReference; lastKnownFileType = file.storyboard; name = Base; path = Base.lproj/Main.storyboard; sourceTree = "<group>"; };
		84A50F8E2B8A87BA002C9D2A /* NetworkingService.swift */ = {isa = PBXFileReference; fileEncoding = 4; lastKnownFileType = sourcecode.swift; path = NetworkingService.swift; sourceTree = "<group>"; };
		84A50F912B8A87C2002C9D2A /* DataRepo.swift */ = {isa = PBXFileReference; fileEncoding = 4; lastKnownFileType = sourcecode.swift; path = DataRepo.swift; sourceTree = "<group>"; };
		84A50F952B8A87D4002C9D2A /* SearchBarView.swift */ = {isa = PBXFileReference; fileEncoding = 4; lastKnownFileType = sourcecode.swift; path = SearchBarView.swift; sourceTree = "<group>"; };
		84A50F962B8A87D4002C9D2A /* SearchBarView.xib */ = {isa = PBXFileReference; fileEncoding = 4; lastKnownFileType = file.xib; path = SearchBarView.xib; sourceTree = "<group>"; };
		84A50F982B8A87D4002C9D2A /* FooterLoaderView.swift */ = {isa = PBXFileReference; fileEncoding = 4; lastKnownFileType = sourcecode.swift; path = FooterLoaderView.swift; sourceTree = "<group>"; };
		84A50F9F2B8A8A0E002C9D2A /* Assets.xcassets */ = {isa = PBXFileReference; lastKnownFileType = folder.assetcatalog; path = Assets.xcassets; sourceTree = "<group>"; };
		8C0BEA8A4124DB63752D74CD /* Pods-ImageSearchApp-ImageSearchAppUITests.debug.xcconfig */ = {isa = PBXFileReference; includeInIndex = 1; lastKnownFileType = text.xcconfig; name = "Pods-ImageSearchApp-ImageSearchAppUITests.debug.xcconfig"; path = "Target Support Files/Pods-ImageSearchApp-ImageSearchAppUITests/Pods-ImageSearchApp-ImageSearchAppUITests.debug.xcconfig"; sourceTree = "<group>"; };
		A38872A81AEFE88C5B1419FF /* Pods-ImageSearchAppTests.debug.xcconfig */ = {isa = PBXFileReference; includeInIndex = 1; lastKnownFileType = text.xcconfig; name = "Pods-ImageSearchAppTests.debug.xcconfig"; path = "Target Support Files/Pods-ImageSearchAppTests/Pods-ImageSearchAppTests.debug.xcconfig"; sourceTree = "<group>"; };
		D0EB4C261DEDB954E04BC039 /* Pods_ImageSearchApp.framework */ = {isa = PBXFileReference; explicitFileType = wrapper.framework; includeInIndex = 0; path = Pods_ImageSearchApp.framework; sourceTree = BUILT_PRODUCTS_DIR; };
		DC64D20629275AE27F11A85B /* Pods-ImageSearchApp.debug.xcconfig */ = {isa = PBXFileReference; includeInIndex = 1; lastKnownFileType = text.xcconfig; name = "Pods-ImageSearchApp.debug.xcconfig"; path = "Target Support Files/Pods-ImageSearchApp/Pods-ImageSearchApp.debug.xcconfig"; sourceTree = "<group>"; };
		F689F9E16FD5163B65B1E4BB /* Pods_ImageSearchApp_ImageSearchAppUITests.framework */ = {isa = PBXFileReference; explicitFileType = wrapper.framework; includeInIndex = 0; path = Pods_ImageSearchApp_ImageSearchAppUITests.framework; sourceTree = BUILT_PRODUCTS_DIR; };
		FDF019EB94AE428F84390AAE /* Pods-ImageSearchApp-ImageSearchAppUITests.release.xcconfig */ = {isa = PBXFileReference; includeInIndex = 1; lastKnownFileType = text.xcconfig; name = "Pods-ImageSearchApp-ImageSearchAppUITests.release.xcconfig"; path = "Target Support Files/Pods-ImageSearchApp-ImageSearchAppUITests/Pods-ImageSearchApp-ImageSearchAppUITests.release.xcconfig"; sourceTree = "<group>"; };
/* End PBXFileReference section */

/* Begin PBXFrameworksBuildPhase section */
		84A50F412B8A85B4002C9D2A /* Frameworks */ = {
			isa = PBXFrameworksBuildPhase;
			buildActionMask = 2147483647;
			files = (
				38DC47D0B51D4E85A74D508C /* Pods_ImageSearchApp.framework in Frameworks */,
			);
			runOnlyForDeploymentPostprocessing = 0;
		};
		84A50F572B8A85B5002C9D2A /* Frameworks */ = {
			isa = PBXFrameworksBuildPhase;
			buildActionMask = 2147483647;
			files = (
				10CBF1B9C870EFF0161B0C02 /* Pods_ImageSearchAppTests.framework in Frameworks */,
			);
			runOnlyForDeploymentPostprocessing = 0;
		};
		84A50F612B8A85B5002C9D2A /* Frameworks */ = {
			isa = PBXFrameworksBuildPhase;
			buildActionMask = 2147483647;
			files = (
				AE8F7F5C954375A8B1DCF55A /* Pods_ImageSearchApp_ImageSearchAppUITests.framework in Frameworks */,
			);
			runOnlyForDeploymentPostprocessing = 0;
		};
/* End PBXFrameworksBuildPhase section */

/* Begin PBXGroup section */
		5204CCAB31E6FD42725048AE /* Pods */ = {
			isa = PBXGroup;
			children = (
				DC64D20629275AE27F11A85B /* Pods-ImageSearchApp.debug.xcconfig */,
				6A67EA0E8A970D039E12B06C /* Pods-ImageSearchApp.release.xcconfig */,
				8C0BEA8A4124DB63752D74CD /* Pods-ImageSearchApp-ImageSearchAppUITests.debug.xcconfig */,
				FDF019EB94AE428F84390AAE /* Pods-ImageSearchApp-ImageSearchAppUITests.release.xcconfig */,
				A38872A81AEFE88C5B1419FF /* Pods-ImageSearchAppTests.debug.xcconfig */,
				22205390A7961A3EAE5B6435 /* Pods-ImageSearchAppTests.release.xcconfig */,
			);
			path = Pods;
			sourceTree = "<group>";
		};
		844E43262B8B1CD300F8025D /* AppConstants */ = {
			isa = PBXGroup;
			children = (
				844E43272B8B1CD300F8025D /* AppConstants.swift */,
			);
			path = AppConstants;
			sourceTree = "<group>";
		};
		844E43292B8B1CDC00F8025D /* AppImages */ = {
			isa = PBXGroup;
			children = (
				844E432A2B8B1CDC00F8025D /* AppImages.swift */,
			);
			path = AppImages;
			sourceTree = "<group>";
		};
		844E432C2B8B1CE000F8025D /* NetworkClass */ = {
			isa = PBXGroup;
			children = (
				84A50F8E2B8A87BA002C9D2A /* NetworkingService.swift */,
			);
			path = NetworkClass;
			sourceTree = "<group>";
		};
		844E432F2B8B33C600F8025D /* Loader */ = {
			isa = PBXGroup;
			children = (
				844E43302B8B33E300F8025D /* LoadingIndicator.swift */,
			);
			path = Loader;
			sourceTree = "<group>";
		};
		84A50F3B2B8A85B3002C9D2A = {
			isa = PBXGroup;
			children = (
				84A50F462B8A85B4002C9D2A /* ImageSearchApp */,
				84A50F5D2B8A85B5002C9D2A /* ImageSearchAppTests */,
				84A50F672B8A85B5002C9D2A /* ImageSearchAppUITests */,
				84A50F452B8A85B4002C9D2A /* Products */,
				5204CCAB31E6FD42725048AE /* Pods */,
				FAE7FC2ED7D533452535944F /* Frameworks */,
			);
			sourceTree = "<group>";
		};
		84A50F452B8A85B4002C9D2A /* Products */ = {
			isa = PBXGroup;
			children = (
				84A50F442B8A85B4002C9D2A /* ImageSearchApp.app */,
				84A50F5A2B8A85B5002C9D2A /* ImageSearchAppTests.xctest */,
				84A50F642B8A85B5002C9D2A /* ImageSearchAppUITests.xctest */,
			);
			name = Products;
			sourceTree = "<group>";
		};
		84A50F462B8A85B4002C9D2A /* ImageSearchApp */ = {
			isa = PBXGroup;
			children = (
				84A50FA12B8A95B1002C9D2A /* AppConfigure */,
				84A50F902B8A87C2002C9D2A /* DataRepository */,
				84A50FA22B8A95E2002C9D2A /* CommonFunctionality */,
				84A50F932B8A87D4002C9D2A /* Components */,
				84A50F8D2B8A87BA002C9D2A /* HelperClass */,
				84A50F772B8A86EF002C9D2A /* Modules */,
				84A50F862B8A8758002C9D2A /* StoryBoards */,
				84A50F552B8A85B5002C9D2A /* Info.plist */,
				84A50F9F2B8A8A0E002C9D2A /* Assets.xcassets */,
			);
			path = ImageSearchApp;
			sourceTree = "<group>";
		};
		84A50F5D2B8A85B5002C9D2A /* ImageSearchAppTests */ = {
			isa = PBXGroup;
			children = (
				84A50F5E2B8A85B5002C9D2A /* SearchScreenTest.swift */,
			);
			path = ImageSearchAppTests;
			sourceTree = "<group>";
		};
		84A50F672B8A85B5002C9D2A /* ImageSearchAppUITests */ = {
			isa = PBXGroup;
			children = (
				84A50F682B8A85B5002C9D2A /* ImageSearchAppUITests.swift */,
				84A50F6A2B8A85B5002C9D2A /* ImageSearchAppUITestsLaunchTests.swift */,
			);
			path = ImageSearchAppUITests;
			sourceTree = "<group>";
		};
		84A50F772B8A86EF002C9D2A /* Modules */ = {
			isa = PBXGroup;
			children = (
				84A50F782B8A86EF002C9D2A /* LaunchScreen */,
				84A50F792B8A86EF002C9D2A /* PhotosView */,
				84A50F7F2B8A86EF002C9D2A /* SelectedPhotoView */,
			);
			path = Modules;
			sourceTree = "<group>";
		};
		84A50F782B8A86EF002C9D2A /* LaunchScreen */ = {
			isa = PBXGroup;
			children = (
			);
			path = LaunchScreen;
			sourceTree = "<group>";
		};
		84A50F792B8A86EF002C9D2A /* PhotosView */ = {
			isa = PBXGroup;
			children = (
				84A50F7E2B8A86EF002C9D2A /* SearchViewModel.swift */,
				84A50F7A2B8A86EF002C9D2A /* SearchVC.swift */,
				84A50F7B2B8A86EF002C9D2A /* CollectionCell */,
			);
			path = PhotosView;
			sourceTree = "<group>";
		};
		84A50F7B2B8A86EF002C9D2A /* CollectionCell */ = {
			isa = PBXGroup;
			children = (
				84A50F7C2B8A86EF002C9D2A /* PhotoCollectionCell.swift */,
				84A50F7D2B8A86EF002C9D2A /* PhotoCollectionCell.xib */,
			);
			path = CollectionCell;
			sourceTree = "<group>";
		};
		84A50F7F2B8A86EF002C9D2A /* SelectedPhotoView */ = {
			isa = PBXGroup;
			children = (
				844E432D2B8B22EE00F8025D /* DetailPageViewModel.swift */,
				84A50F802B8A86EF002C9D2A /* DetailViewController.swift */,
			);
			path = SelectedPhotoView;
			sourceTree = "<group>";
		};
		84A50F862B8A8758002C9D2A /* StoryBoards */ = {
			isa = PBXGroup;
			children = (
				84A50F872B8A8758002C9D2A /* LaunchScreen.storyboard */,
				84A50F892B8A8758002C9D2A /* Main.storyboard */,
			);
			path = StoryBoards;
			sourceTree = "<group>";
		};
		84A50F8D2B8A87BA002C9D2A /* HelperClass */ = {
			isa = PBXGroup;
			children = (
				844E432C2B8B1CE000F8025D /* NetworkClass */,
				844E43292B8B1CDC00F8025D /* AppImages */,
				844E43262B8B1CD300F8025D /* AppConstants */,
			);
			path = HelperClass;
			sourceTree = "<group>";
		};
		84A50F902B8A87C2002C9D2A /* DataRepository */ = {
			isa = PBXGroup;
			children = (
				84A50F912B8A87C2002C9D2A /* DataRepo.swift */,
			);
			path = DataRepository;
			sourceTree = "<group>";
		};
		84A50F932B8A87D4002C9D2A /* Components */ = {
			isa = PBXGroup;
			children = (
				844E432F2B8B33C600F8025D /* Loader */,
				84A50F942B8A87D4002C9D2A /* SearchBar */,
				84A50F972B8A87D4002C9D2A /* FooterLoader */,
			);
			path = Components;
			sourceTree = "<group>";
		};
		84A50F942B8A87D4002C9D2A /* SearchBar */ = {
			isa = PBXGroup;
			children = (
				84A50F952B8A87D4002C9D2A /* SearchBarView.swift */,
				84A50F962B8A87D4002C9D2A /* SearchBarView.xib */,
			);
			path = SearchBar;
			sourceTree = "<group>";
		};
		84A50F972B8A87D4002C9D2A /* FooterLoader */ = {
			isa = PBXGroup;
			children = (
				84A50F982B8A87D4002C9D2A /* FooterLoaderView.swift */,
			);
			path = FooterLoader;
			sourceTree = "<group>";
		};
		84A50FA12B8A95B1002C9D2A /* AppConfigure */ = {
			isa = PBXGroup;
			children = (
				84A50F492B8A85B4002C9D2A /* SceneDelegate.swift */,
				84A50F472B8A85B4002C9D2A /* AppDelegate.swift */,
			);
			path = AppConfigure;
			sourceTree = "<group>";
		};
		84A50FA22B8A95E2002C9D2A /* CommonFunctionality */ = {
			isa = PBXGroup;
			children = (
			);
			path = CommonFunctionality;
			sourceTree = "<group>";
		};
		FAE7FC2ED7D533452535944F /* Frameworks */ = {
			isa = PBXGroup;
			children = (
				D0EB4C261DEDB954E04BC039 /* Pods_ImageSearchApp.framework */,
				F689F9E16FD5163B65B1E4BB /* Pods_ImageSearchApp_ImageSearchAppUITests.framework */,
				6580674F4586ED65805C6679 /* Pods_ImageSearchAppTests.framework */,
			);
			name = Frameworks;
			sourceTree = "<group>";
		};
/* End PBXGroup section */

/* Begin PBXNativeTarget section */
		84A50F432B8A85B4002C9D2A /* ImageSearchApp */ = {
			isa = PBXNativeTarget;
			buildConfigurationList = 84A50F6E2B8A85B5002C9D2A /* Build configuration list for PBXNativeTarget "ImageSearchApp" */;
			buildPhases = (
				8B4C8C4C3A635572479E2262 /* [CP] Check Pods Manifest.lock */,
				84A50F402B8A85B4002C9D2A /* Sources */,
				84A50F412B8A85B4002C9D2A /* Frameworks */,
				84A50F422B8A85B4002C9D2A /* Resources */,
				2BF10F05008DCFF9F9646A9C /* [CP] Embed Pods Frameworks */,
			);
			buildRules = (
			);
			dependencies = (
			);
			name = ImageSearchApp;
			productName = ImageSearchApp;
			productReference = 84A50F442B8A85B4002C9D2A /* ImageSearchApp.app */;
			productType = "com.apple.product-type.application";
		};
		84A50F592B8A85B5002C9D2A /* ImageSearchAppTests */ = {
			isa = PBXNativeTarget;
			buildConfigurationList = 84A50F712B8A85B5002C9D2A /* Build configuration list for PBXNativeTarget "ImageSearchAppTests" */;
			buildPhases = (
				99F89C8C5EEA67E77FEF6725 /* [CP] Check Pods Manifest.lock */,
				84A50F562B8A85B5002C9D2A /* Sources */,
				84A50F572B8A85B5002C9D2A /* Frameworks */,
				84A50F582B8A85B5002C9D2A /* Resources */,
			);
			buildRules = (
			);
			dependencies = (
				84A50F5C2B8A85B5002C9D2A /* PBXTargetDependency */,
			);
			name = ImageSearchAppTests;
			productName = ImageSearchAppTests;
			productReference = 84A50F5A2B8A85B5002C9D2A /* ImageSearchAppTests.xctest */;
			productType = "com.apple.product-type.bundle.unit-test";
		};
		84A50F632B8A85B5002C9D2A /* ImageSearchAppUITests */ = {
			isa = PBXNativeTarget;
			buildConfigurationList = 84A50F742B8A85B5002C9D2A /* Build configuration list for PBXNativeTarget "ImageSearchAppUITests" */;
			buildPhases = (
				BE3B392081369D32CD25CCEF /* [CP] Check Pods Manifest.lock */,
				84A50F602B8A85B5002C9D2A /* Sources */,
				84A50F612B8A85B5002C9D2A /* Frameworks */,
				84A50F622B8A85B5002C9D2A /* Resources */,
				8DCF72B9B4031AB847BD610F /* [CP] Embed Pods Frameworks */,
			);
			buildRules = (
			);
			dependencies = (
				84A50F662B8A85B5002C9D2A /* PBXTargetDependency */,
			);
			name = ImageSearchAppUITests;
			productName = ImageSearchAppUITests;
			productReference = 84A50F642B8A85B5002C9D2A /* ImageSearchAppUITests.xctest */;
			productType = "com.apple.product-type.bundle.ui-testing";
		};
/* End PBXNativeTarget section */

/* Begin PBXProject section */
		84A50F3C2B8A85B3002C9D2A /* Project object */ = {
			isa = PBXProject;
			attributes = {
				BuildIndependentTargetsInParallel = 1;
				LastSwiftUpdateCheck = 1430;
				LastUpgradeCheck = 1430;
				TargetAttributes = {
					84A50F432B8A85B4002C9D2A = {
						CreatedOnToolsVersion = 14.3.1;
					};
					84A50F592B8A85B5002C9D2A = {
						CreatedOnToolsVersion = 14.3.1;
						TestTargetID = 84A50F432B8A85B4002C9D2A;
					};
					84A50F632B8A85B5002C9D2A = {
						CreatedOnToolsVersion = 14.3.1;
						TestTargetID = 84A50F432B8A85B4002C9D2A;
					};
				};
			};
			buildConfigurationList = 84A50F3F2B8A85B3002C9D2A /* Build configuration list for PBXProject "ImageSearchApp" */;
			compatibilityVersion = "Xcode 14.0";
			developmentRegion = en;
			hasScannedForEncodings = 0;
			knownRegions = (
				en,
				Base,
			);
			mainGroup = 84A50F3B2B8A85B3002C9D2A;
			productRefGroup = 84A50F452B8A85B4002C9D2A /* Products */;
			projectDirPath = "";
			projectRoot = "";
			targets = (
				84A50F432B8A85B4002C9D2A /* ImageSearchApp */,
				84A50F592B8A85B5002C9D2A /* ImageSearchAppTests */,
				84A50F632B8A85B5002C9D2A /* ImageSearchAppUITests */,
			);
		};
/* End PBXProject section */

/* Begin PBXResourcesBuildPhase section */
		84A50F422B8A85B4002C9D2A /* Resources */ = {
			isa = PBXResourcesBuildPhase;
			buildActionMask = 2147483647;
			files = (
				84A50F9A2B8A87D4002C9D2A /* SearchBarView.xib in Resources */,
				84A50F832B8A86EF002C9D2A /* PhotoCollectionCell.xib in Resources */,
				84A50F8C2B8A8759002C9D2A /* Main.storyboard in Resources */,
				84A50F8B2B8A8759002C9D2A /* LaunchScreen.storyboard in Resources */,
				84A50FA02B8A8A0E002C9D2A /* Assets.xcassets in Resources */,
			);
			runOnlyForDeploymentPostprocessing = 0;
		};
		84A50F582B8A85B5002C9D2A /* Resources */ = {
			isa = PBXResourcesBuildPhase;
			buildActionMask = 2147483647;
			files = (
			);
			runOnlyForDeploymentPostprocessing = 0;
		};
		84A50F622B8A85B5002C9D2A /* Resources */ = {
			isa = PBXResourcesBuildPhase;
			buildActionMask = 2147483647;
			files = (
			);
			runOnlyForDeploymentPostprocessing = 0;
		};
/* End PBXResourcesBuildPhase section */

/* Begin PBXShellScriptBuildPhase section */
		2BF10F05008DCFF9F9646A9C /* [CP] Embed Pods Frameworks */ = {
			isa = PBXShellScriptBuildPhase;
			buildActionMask = 2147483647;
			files = (
			);
			inputFileListPaths = (
				"${PODS_ROOT}/Target Support Files/Pods-ImageSearchApp/Pods-ImageSearchApp-frameworks-${CONFIGURATION}-input-files.xcfilelist",
			);
			name = "[CP] Embed Pods Frameworks";
			outputFileListPaths = (
				"${PODS_ROOT}/Target Support Files/Pods-ImageSearchApp/Pods-ImageSearchApp-frameworks-${CONFIGURATION}-output-files.xcfilelist",
			);
			runOnlyForDeploymentPostprocessing = 0;
			shellPath = /bin/sh;
			shellScript = "\"${PODS_ROOT}/Target Support Files/Pods-ImageSearchApp/Pods-ImageSearchApp-frameworks.sh\"\n";
			showEnvVarsInLog = 0;
		};
		8B4C8C4C3A635572479E2262 /* [CP] Check Pods Manifest.lock */ = {
			isa = PBXShellScriptBuildPhase;
			buildActionMask = 2147483647;
			files = (
			);
			inputFileListPaths = (
			);
			inputPaths = (
				"${PODS_PODFILE_DIR_PATH}/Podfile.lock",
				"${PODS_ROOT}/Manifest.lock",
			);
			name = "[CP] Check Pods Manifest.lock";
			outputFileListPaths = (
			);
			outputPaths = (
				"$(DERIVED_FILE_DIR)/Pods-ImageSearchApp-checkManifestLockResult.txt",
			);
			runOnlyForDeploymentPostprocessing = 0;
			shellPath = /bin/sh;
			shellScript = "diff \"${PODS_PODFILE_DIR_PATH}/Podfile.lock\" \"${PODS_ROOT}/Manifest.lock\" > /dev/null\nif [ $? != 0 ] ; then\n    # print error to STDERR\n    echo \"error: The sandbox is not in sync with the Podfile.lock. Run 'pod install' or update your CocoaPods installation.\" >&2\n    exit 1\nfi\n# This output is used by Xcode 'outputs' to avoid re-running this script phase.\necho \"SUCCESS\" > \"${SCRIPT_OUTPUT_FILE_0}\"\n";
			showEnvVarsInLog = 0;
		};
		8DCF72B9B4031AB847BD610F /* [CP] Embed Pods Frameworks */ = {
			isa = PBXShellScriptBuildPhase;
			buildActionMask = 2147483647;
			files = (
			);
			inputFileListPaths = (
				"${PODS_ROOT}/Target Support Files/Pods-ImageSearchApp-ImageSearchAppUITests/Pods-ImageSearchApp-ImageSearchAppUITests-frameworks-${CONFIGURATION}-input-files.xcfilelist",
			);
			name = "[CP] Embed Pods Frameworks";
			outputFileListPaths = (
				"${PODS_ROOT}/Target Support Files/Pods-ImageSearchApp-ImageSearchAppUITests/Pods-ImageSearchApp-ImageSearchAppUITests-frameworks-${CONFIGURATION}-output-files.xcfilelist",
			);
			runOnlyForDeploymentPostprocessing = 0;
			shellPath = /bin/sh;
			shellScript = "\"${PODS_ROOT}/Target Support Files/Pods-ImageSearchApp-ImageSearchAppUITests/Pods-ImageSearchApp-ImageSearchAppUITests-frameworks.sh\"\n";
			showEnvVarsInLog = 0;
		};
		99F89C8C5EEA67E77FEF6725 /* [CP] Check Pods Manifest.lock */ = {
			isa = PBXShellScriptBuildPhase;
			buildActionMask = 2147483647;
			files = (
			);
			inputFileListPaths = (
			);
			inputPaths = (
				"${PODS_PODFILE_DIR_PATH}/Podfile.lock",
				"${PODS_ROOT}/Manifest.lock",
			);
			name = "[CP] Check Pods Manifest.lock";
			outputFileListPaths = (
			);
			outputPaths = (
				"$(DERIVED_FILE_DIR)/Pods-ImageSearchAppTests-checkManifestLockResult.txt",
			);
			runOnlyForDeploymentPostprocessing = 0;
			shellPath = /bin/sh;
			shellScript = "diff \"${PODS_PODFILE_DIR_PATH}/Podfile.lock\" \"${PODS_ROOT}/Manifest.lock\" > /dev/null\nif [ $? != 0 ] ; then\n    # print error to STDERR\n    echo \"error: The sandbox is not in sync with the Podfile.lock. Run 'pod install' or update your CocoaPods installation.\" >&2\n    exit 1\nfi\n# This output is used by Xcode 'outputs' to avoid re-running this script phase.\necho \"SUCCESS\" > \"${SCRIPT_OUTPUT_FILE_0}\"\n";
			showEnvVarsInLog = 0;
		};
		BE3B392081369D32CD25CCEF /* [CP] Check Pods Manifest.lock */ = {
			isa = PBXShellScriptBuildPhase;
			buildActionMask = 2147483647;
			files = (
			);
			inputFileListPaths = (
			);
			inputPaths = (
				"${PODS_PODFILE_DIR_PATH}/Podfile.lock",
				"${PODS_ROOT}/Manifest.lock",
			);
			name = "[CP] Check Pods Manifest.lock";
			outputFileListPaths = (
			);
			outputPaths = (
				"$(DERIVED_FILE_DIR)/Pods-ImageSearchApp-ImageSearchAppUITests-checkManifestLockResult.txt",
			);
			runOnlyForDeploymentPostprocessing = 0;
			shellPath = /bin/sh;
			shellScript = "diff \"${PODS_PODFILE_DIR_PATH}/Podfile.lock\" \"${PODS_ROOT}/Manifest.lock\" > /dev/null\nif [ $? != 0 ] ; then\n    # print error to STDERR\n    echo \"error: The sandbox is not in sync with the Podfile.lock. Run 'pod install' or update your CocoaPods installation.\" >&2\n    exit 1\nfi\n# This output is used by Xcode 'outputs' to avoid re-running this script phase.\necho \"SUCCESS\" > \"${SCRIPT_OUTPUT_FILE_0}\"\n";
			showEnvVarsInLog = 0;
		};
/* End PBXShellScriptBuildPhase section */

/* Begin PBXSourcesBuildPhase section */
		84A50F402B8A85B4002C9D2A /* Sources */ = {
			isa = PBXSourcesBuildPhase;
			buildActionMask = 2147483647;
			files = (
				84A50F482B8A85B4002C9D2A /* AppDelegate.swift in Sources */,
				84A50F992B8A87D4002C9D2A /* SearchBarView.swift in Sources */,
				84A50F922B8A87C2002C9D2A /* DataRepo.swift in Sources */,
				84A50F812B8A86EF002C9D2A /* SearchVC.swift in Sources */,
				84A50F9B2B8A87D4002C9D2A /* FooterLoaderView.swift in Sources */,
				844E432B2B8B1CDC00F8025D /* AppImages.swift in Sources */,
				84A50F842B8A86EF002C9D2A /* SearchViewModel.swift in Sources */,
				84A50F4A2B8A85B4002C9D2A /* SceneDelegate.swift in Sources */,
				844E43282B8B1CD300F8025D /* AppConstants.swift in Sources */,
				844E432E2B8B22EE00F8025D /* DetailPageViewModel.swift in Sources */,
				84A50F822B8A86EF002C9D2A /* PhotoCollectionCell.swift in Sources */,
				844E43312B8B33E300F8025D /* LoadingIndicator.swift in Sources */,
				84A50F8F2B8A87BA002C9D2A /* NetworkingService.swift in Sources */,
				84A50F852B8A86EF002C9D2A /* DetailViewController.swift in Sources */,
			);
			runOnlyForDeploymentPostprocessing = 0;
		};
		84A50F562B8A85B5002C9D2A /* Sources */ = {
			isa = PBXSourcesBuildPhase;
			buildActionMask = 2147483647;
			files = (
				84A50F5F2B8A85B5002C9D2A /* SearchScreenTest.swift in Sources */,
			);
			runOnlyForDeploymentPostprocessing = 0;
		};
		84A50F602B8A85B5002C9D2A /* Sources */ = {
			isa = PBXSourcesBuildPhase;
			buildActionMask = 2147483647;
			files = (
				84A50F6B2B8A85B5002C9D2A /* ImageSearchAppUITestsLaunchTests.swift in Sources */,
				84A50F692B8A85B5002C9D2A /* ImageSearchAppUITests.swift in Sources */,
			);
			runOnlyForDeploymentPostprocessing = 0;
		};
/* End PBXSourcesBuildPhase section */

/* Begin PBXTargetDependency section */
		84A50F5C2B8A85B5002C9D2A /* PBXTargetDependency */ = {
			isa = PBXTargetDependency;
			target = 84A50F432B8A85B4002C9D2A /* ImageSearchApp */;
			targetProxy = 84A50F5B2B8A85B5002C9D2A /* PBXContainerItemProxy */;
		};
		84A50F662B8A85B5002C9D2A /* PBXTargetDependency */ = {
			isa = PBXTargetDependency;
			target = 84A50F432B8A85B4002C9D2A /* ImageSearchApp */;
			targetProxy = 84A50F652B8A85B5002C9D2A /* PBXContainerItemProxy */;
		};
/* End PBXTargetDependency section */

/* Begin PBXVariantGroup section */
		84A50F872B8A8758002C9D2A /* LaunchScreen.storyboard */ = {
			isa = PBXVariantGroup;
			children = (
				84A50F882B8A8758002C9D2A /* Base */,
			);
			name = LaunchScreen.storyboard;
			sourceTree = "<group>";
		};
		84A50F892B8A8758002C9D2A /* Main.storyboard */ = {
			isa = PBXVariantGroup;
			children = (
				84A50F8A2B8A8758002C9D2A /* Base */,
			);
			name = Main.storyboard;
			sourceTree = "<group>";
		};
/* End PBXVariantGroup section */

/* Begin XCBuildConfiguration section */
		84A50F6C2B8A85B5002C9D2A /* Debug */ = {
			isa = XCBuildConfiguration;
			buildSettings = {
				ALWAYS_SEARCH_USER_PATHS = NO;
				CLANG_ANALYZER_NONNULL = YES;
				CLANG_ANALYZER_NUMBER_OBJECT_CONVERSION = YES_AGGRESSIVE;
				CLANG_CXX_LANGUAGE_STANDARD = "gnu++20";
				CLANG_ENABLE_MODULES = YES;
				CLANG_ENABLE_OBJC_ARC = YES;
				CLANG_ENABLE_OBJC_WEAK = YES;
				CLANG_WARN_BLOCK_CAPTURE_AUTORELEASING = YES;
				CLANG_WARN_BOOL_CONVERSION = YES;
				CLANG_WARN_COMMA = YES;
				CLANG_WARN_CONSTANT_CONVERSION = YES;
				CLANG_WARN_DEPRECATED_OBJC_IMPLEMENTATIONS = YES;
				CLANG_WARN_DIRECT_OBJC_ISA_USAGE = YES_ERROR;
				CLANG_WARN_DOCUMENTATION_COMMENTS = YES;
				CLANG_WARN_EMPTY_BODY = YES;
				CLANG_WARN_ENUM_CONVERSION = YES;
				CLANG_WARN_INFINITE_RECURSION = YES;
				CLANG_WARN_INT_CONVERSION = YES;
				CLANG_WARN_NON_LITERAL_NULL_CONVERSION = YES;
				CLANG_WARN_OBJC_IMPLICIT_RETAIN_SELF = YES;
				CLANG_WARN_OBJC_LITERAL_CONVERSION = YES;
				CLANG_WARN_OBJC_ROOT_CLASS = YES_ERROR;
				CLANG_WARN_QUOTED_INCLUDE_IN_FRAMEWORK_HEADER = YES;
				CLANG_WARN_RANGE_LOOP_ANALYSIS = YES;
				CLANG_WARN_STRICT_PROTOTYPES = YES;
				CLANG_WARN_SUSPICIOUS_MOVE = YES;
				CLANG_WARN_UNGUARDED_AVAILABILITY = YES_AGGRESSIVE;
				CLANG_WARN_UNREACHABLE_CODE = YES;
				CLANG_WARN__DUPLICATE_METHOD_MATCH = YES;
				COPY_PHASE_STRIP = NO;
				DEBUG_INFORMATION_FORMAT = dwarf;
				ENABLE_STRICT_OBJC_MSGSEND = YES;
				ENABLE_TESTABILITY = YES;
				GCC_C_LANGUAGE_STANDARD = gnu11;
				GCC_DYNAMIC_NO_PIC = NO;
				GCC_NO_COMMON_BLOCKS = YES;
				GCC_OPTIMIZATION_LEVEL = 0;
				GCC_PREPROCESSOR_DEFINITIONS = (
					"DEBUG=1",
					"$(inherited)",
				);
				GCC_WARN_64_TO_32_BIT_CONVERSION = YES;
				GCC_WARN_ABOUT_RETURN_TYPE = YES_ERROR;
				GCC_WARN_UNDECLARED_SELECTOR = YES;
				GCC_WARN_UNINITIALIZED_AUTOS = YES_AGGRESSIVE;
				GCC_WARN_UNUSED_FUNCTION = YES;
				GCC_WARN_UNUSED_VARIABLE = YES;
				IPHONEOS_DEPLOYMENT_TARGET = 16.4;
				MTL_ENABLE_DEBUG_INFO = INCLUDE_SOURCE;
				MTL_FAST_MATH = YES;
				ONLY_ACTIVE_ARCH = YES;
				SDKROOT = iphoneos;
				SWIFT_ACTIVE_COMPILATION_CONDITIONS = DEBUG;
				SWIFT_OPTIMIZATION_LEVEL = "-Onone";
			};
			name = Debug;
		};
		84A50F6D2B8A85B5002C9D2A /* Release */ = {
			isa = XCBuildConfiguration;
			buildSettings = {
				ALWAYS_SEARCH_USER_PATHS = NO;
				CLANG_ANALYZER_NONNULL = YES;
				CLANG_ANALYZER_NUMBER_OBJECT_CONVERSION = YES_AGGRESSIVE;
				CLANG_CXX_LANGUAGE_STANDARD = "gnu++20";
				CLANG_ENABLE_MODULES = YES;
				CLANG_ENABLE_OBJC_ARC = YES;
				CLANG_ENABLE_OBJC_WEAK = YES;
				CLANG_WARN_BLOCK_CAPTURE_AUTORELEASING = YES;
				CLANG_WARN_BOOL_CONVERSION = YES;
				CLANG_WARN_COMMA = YES;
				CLANG_WARN_CONSTANT_CONVERSION = YES;
				CLANG_WARN_DEPRECATED_OBJC_IMPLEMENTATIONS = YES;
				CLANG_WARN_DIRECT_OBJC_ISA_USAGE = YES_ERROR;
				CLANG_WARN_DOCUMENTATION_COMMENTS = YES;
				CLANG_WARN_EMPTY_BODY = YES;
				CLANG_WARN_ENUM_CONVERSION = YES;
				CLANG_WARN_INFINITE_RECURSION = YES;
				CLANG_WARN_INT_CONVERSION = YES;
				CLANG_WARN_NON_LITERAL_NULL_CONVERSION = YES;
				CLANG_WARN_OBJC_IMPLICIT_RETAIN_SELF = YES;
				CLANG_WARN_OBJC_LITERAL_CONVERSION = YES;
				CLANG_WARN_OBJC_ROOT_CLASS = YES_ERROR;
				CLANG_WARN_QUOTED_INCLUDE_IN_FRAMEWORK_HEADER = YES;
				CLANG_WARN_RANGE_LOOP_ANALYSIS = YES;
				CLANG_WARN_STRICT_PROTOTYPES = YES;
				CLANG_WARN_SUSPICIOUS_MOVE = YES;
				CLANG_WARN_UNGUARDED_AVAILABILITY = YES_AGGRESSIVE;
				CLANG_WARN_UNREACHABLE_CODE = YES;
				CLANG_WARN__DUPLICATE_METHOD_MATCH = YES;
				COPY_PHASE_STRIP = NO;
				DEBUG_INFORMATION_FORMAT = "dwarf-with-dsym";
				ENABLE_NS_ASSERTIONS = NO;
				ENABLE_STRICT_OBJC_MSGSEND = YES;
				GCC_C_LANGUAGE_STANDARD = gnu11;
				GCC_NO_COMMON_BLOCKS = YES;
				GCC_WARN_64_TO_32_BIT_CONVERSION = YES;
				GCC_WARN_ABOUT_RETURN_TYPE = YES_ERROR;
				GCC_WARN_UNDECLARED_SELECTOR = YES;
				GCC_WARN_UNINITIALIZED_AUTOS = YES_AGGRESSIVE;
				GCC_WARN_UNUSED_FUNCTION = YES;
				GCC_WARN_UNUSED_VARIABLE = YES;
				IPHONEOS_DEPLOYMENT_TARGET = 16.4;
				MTL_ENABLE_DEBUG_INFO = NO;
				MTL_FAST_MATH = YES;
				SDKROOT = iphoneos;
				SWIFT_COMPILATION_MODE = wholemodule;
				SWIFT_OPTIMIZATION_LEVEL = "-O";
				VALIDATE_PRODUCT = YES;
			};
			name = Release;
		};
		84A50F6F2B8A85B5002C9D2A /* Debug */ = {
			isa = XCBuildConfiguration;
			baseConfigurationReference = DC64D20629275AE27F11A85B /* Pods-ImageSearchApp.debug.xcconfig */;
			buildSettings = {
				ASSETCATALOG_COMPILER_APPICON_NAME = AppIcon;
				ASSETCATALOG_COMPILER_GLOBAL_ACCENT_COLOR_NAME = AccentColor;
				CODE_SIGN_STYLE = Automatic;
				CURRENT_PROJECT_VERSION = 1;
				GENERATE_INFOPLIST_FILE = YES;
				INFOPLIST_FILE = ImageSearchApp/Info.plist;
				INFOPLIST_KEY_UIApplicationSupportsIndirectInputEvents = YES;
				INFOPLIST_KEY_UILaunchStoryboardName = LaunchScreen;
				INFOPLIST_KEY_UIMainStoryboardFile = Main;
				INFOPLIST_KEY_UISupportedInterfaceOrientations_iPad = "UIInterfaceOrientationPortrait UIInterfaceOrientationPortraitUpsideDown UIInterfaceOrientationLandscapeLeft UIInterfaceOrientationLandscapeRight";
				INFOPLIST_KEY_UISupportedInterfaceOrientations_iPhone = "UIInterfaceOrientationPortrait UIInterfaceOrientationLandscapeLeft UIInterfaceOrientationLandscapeRight";
				LD_RUNPATH_SEARCH_PATHS = (
					"$(inherited)",
					"@executable_path/Frameworks",
				);
				MARKETING_VERSION = 1.0;
				PRODUCT_BUNDLE_IDENTIFIER = KaranJaiswal.ImageSearchApp;
				PRODUCT_NAME = "$(TARGET_NAME)";
				SWIFT_EMIT_LOC_STRINGS = YES;
				SWIFT_VERSION = 5.0;
				TARGETED_DEVICE_FAMILY = "1,2";
			};
			name = Debug;
		};
		84A50F702B8A85B5002C9D2A /* Release */ = {
			isa = XCBuildConfiguration;
			baseConfigurationReference = 6A67EA0E8A970D039E12B06C /* Pods-ImageSearchApp.release.xcconfig */;
			buildSettings = {
				ASSETCATALOG_COMPILER_APPICON_NAME = AppIcon;
				ASSETCATALOG_COMPILER_GLOBAL_ACCENT_COLOR_NAME = AccentColor;
				CODE_SIGN_STYLE = Automatic;
				CURRENT_PROJECT_VERSION = 1;
				GENERATE_INFOPLIST_FILE = YES;
				INFOPLIST_FILE = ImageSearchApp/Info.plist;
				INFOPLIST_KEY_UIApplicationSupportsIndirectInputEvents = YES;
				INFOPLIST_KEY_UILaunchStoryboardName = LaunchScreen;
				INFOPLIST_KEY_UIMainStoryboardFile = Main;
				INFOPLIST_KEY_UISupportedInterfaceOrientations_iPad = "UIInterfaceOrientationPortrait UIInterfaceOrientationPortraitUpsideDown UIInterfaceOrientationLandscapeLeft UIInterfaceOrientationLandscapeRight";
				INFOPLIST_KEY_UISupportedInterfaceOrientations_iPhone = "UIInterfaceOrientationPortrait UIInterfaceOrientationLandscapeLeft UIInterfaceOrientationLandscapeRight";
				LD_RUNPATH_SEARCH_PATHS = (
					"$(inherited)",
					"@executable_path/Frameworks",
				);
				MARKETING_VERSION = 1.0;
				PRODUCT_BUNDLE_IDENTIFIER = KaranJaiswal.ImageSearchApp;
				PRODUCT_NAME = "$(TARGET_NAME)";
				SWIFT_EMIT_LOC_STRINGS = YES;
				SWIFT_VERSION = 5.0;
				TARGETED_DEVICE_FAMILY = "1,2";
			};
			name = Release;
		};
		84A50F722B8A85B5002C9D2A /* Debug */ = {
			isa = XCBuildConfiguration;
			baseConfigurationReference = A38872A81AEFE88C5B1419FF /* Pods-ImageSearchAppTests.debug.xcconfig */;
			buildSettings = {
				ALWAYS_EMBED_SWIFT_STANDARD_LIBRARIES = YES;
				BUNDLE_LOADER = "$(TEST_HOST)";
				CODE_SIGN_STYLE = Automatic;
				CURRENT_PROJECT_VERSION = 1;
				GENERATE_INFOPLIST_FILE = YES;
				IPHONEOS_DEPLOYMENT_TARGET = 16.4;
				MARKETING_VERSION = 1.0;
				PRODUCT_BUNDLE_IDENTIFIER = KaranJaiswal.ImageSearchAppTests;
				PRODUCT_NAME = "$(TARGET_NAME)";
				SWIFT_EMIT_LOC_STRINGS = NO;
				SWIFT_VERSION = 5.0;
				TARGETED_DEVICE_FAMILY = "1,2";
				TEST_HOST = "$(BUILT_PRODUCTS_DIR)/ImageSearchApp.app/$(BUNDLE_EXECUTABLE_FOLDER_PATH)/ImageSearchApp";
			};
			name = Debug;
		};
		84A50F732B8A85B5002C9D2A /* Release */ = {
			isa = XCBuildConfiguration;
			baseConfigurationReference = 22205390A7961A3EAE5B6435 /* Pods-ImageSearchAppTests.release.xcconfig */;
			buildSettings = {
				ALWAYS_EMBED_SWIFT_STANDARD_LIBRARIES = YES;
				BUNDLE_LOADER = "$(TEST_HOST)";
				CODE_SIGN_STYLE = Automatic;
				CURRENT_PROJECT_VERSION = 1;
				GENERATE_INFOPLIST_FILE = YES;
				IPHONEOS_DEPLOYMENT_TARGET = 16.4;
				MARKETING_VERSION = 1.0;
				PRODUCT_BUNDLE_IDENTIFIER = KaranJaiswal.ImageSearchAppTests;
				PRODUCT_NAME = "$(TARGET_NAME)";
				SWIFT_EMIT_LOC_STRINGS = NO;
				SWIFT_VERSION = 5.0;
				TARGETED_DEVICE_FAMILY = "1,2";
				TEST_HOST = "$(BUILT_PRODUCTS_DIR)/ImageSearchApp.app/$(BUNDLE_EXECUTABLE_FOLDER_PATH)/ImageSearchApp";
			};
			name = Release;
		};
		84A50F752B8A85B5002C9D2A /* Debug */ = {
			isa = XCBuildConfiguration;
			baseConfigurationReference = 8C0BEA8A4124DB63752D74CD /* Pods-ImageSearchApp-ImageSearchAppUITests.debug.xcconfig */;
			buildSettings = {
				ALWAYS_EMBED_SWIFT_STANDARD_LIBRARIES = YES;
				CODE_SIGN_STYLE = Automatic;
				CURRENT_PROJECT_VERSION = 1;
				GENERATE_INFOPLIST_FILE = YES;
				MARKETING_VERSION = 1.0;
				PRODUCT_BUNDLE_IDENTIFIER = KaranJaiswal.ImageSearchAppUITests;
				PRODUCT_NAME = "$(TARGET_NAME)";
				SWIFT_EMIT_LOC_STRINGS = NO;
				SWIFT_VERSION = 5.0;
				TARGETED_DEVICE_FAMILY = "1,2";
				TEST_TARGET_NAME = ImageSearchApp;
			};
			name = Debug;
		};
		84A50F762B8A85B5002C9D2A /* Release */ = {
			isa = XCBuildConfiguration;
			baseConfigurationReference = FDF019EB94AE428F84390AAE /* Pods-ImageSearchApp-ImageSearchAppUITests.release.xcconfig */;
			buildSettings = {
				ALWAYS_EMBED_SWIFT_STANDARD_LIBRARIES = YES;
				CODE_SIGN_STYLE = Automatic;
				CURRENT_PROJECT_VERSION = 1;
				GENERATE_INFOPLIST_FILE = YES;
				MARKETING_VERSION = 1.0;
				PRODUCT_BUNDLE_IDENTIFIER = KaranJaiswal.ImageSearchAppUITests;
				PRODUCT_NAME = "$(TARGET_NAME)";
				SWIFT_EMIT_LOC_STRINGS = NO;
				SWIFT_VERSION = 5.0;
				TARGETED_DEVICE_FAMILY = "1,2";
				TEST_TARGET_NAME = ImageSearchApp;
			};
			name = Release;
		};
/* End XCBuildConfiguration section */

/* Begin XCConfigurationList section */
		84A50F3F2B8A85B3002C9D2A /* Build configuration list for PBXProject "ImageSearchApp" */ = {
			isa = XCConfigurationList;
			buildConfigurations = (
				84A50F6C2B8A85B5002C9D2A /* Debug */,
				84A50F6D2B8A85B5002C9D2A /* Release */,
			);
			defaultConfigurationIsVisible = 0;
			defaultConfigurationName = Release;
		};
		84A50F6E2B8A85B5002C9D2A /* Build configuration list for PBXNativeTarget "ImageSearchApp" */ = {
			isa = XCConfigurationList;
			buildConfigurations = (
				84A50F6F2B8A85B5002C9D2A /* Debug */,
				84A50F702B8A85B5002C9D2A /* Release */,
			);
			defaultConfigurationIsVisible = 0;
			defaultConfigurationName = Release;
		};
		84A50F712B8A85B5002C9D2A /* Build configuration list for PBXNativeTarget "ImageSearchAppTests" */ = {
			isa = XCConfigurationList;
			buildConfigurations = (
				84A50F722B8A85B5002C9D2A /* Debug */,
				84A50F732B8A85B5002C9D2A /* Release */,
			);
			defaultConfigurationIsVisible = 0;
			defaultConfigurationName = Release;
		};
		84A50F742B8A85B5002C9D2A /* Build configuration list for PBXNativeTarget "ImageSearchAppUITests" */ = {
			isa = XCConfigurationList;
			buildConfigurations = (
				84A50F752B8A85B5002C9D2A /* Debug */,
				84A50F762B8A85B5002C9D2A /* Release */,
			);
			defaultConfigurationIsVisible = 0;
			defaultConfigurationName = Release;
		};
/* End XCConfigurationList section */
	};
	rootObject = 84A50F3C2B8A85B3002C9D2A /* Project object */;
}
